
Microsoft Visual Studio Solution File, Format Version 12.00
# Visual Studio Version 17
VisualStudioVersion = 17.14.36811.4 d17.14
MinimumVisualStudioVersion = 10.0.40219.1
Project("{FAE04EC0-301F-11D3-BF4B-00C04F79EFBC}") = "WpfApp5", "WpfApp5.csproj", "{90E024D2-AD7E-4DC0-946F-E959FD120D4C}"
EndProject
Global
	GlobalSection(SolutionConfigurationPlatforms) = preSolution
		Debug|Any CPU = Debug|Any CPU
		Release|Any CPU = Release|Any CPU
	EndGlobalSection
	GlobalSection(ProjectConfigurationPlatforms) = postSolution
		{90E024D2-AD7E-4DC0-946F-E959FD120D4C}.Debug|Any CPU.ActiveCfg = Debug|Any CPU
		{90E024D2-AD7E-4DC0-946F-E959FD120D4C}.Debug|Any CPU.Build.0 = Debug|Any CPU
		{90E024D2-AD7E-4DC0-946F-E959FD120D4C}.Release|Any CPU.ActiveCfg = Release|Any CPU
		{90E024D2-AD7E-4DC0-946F-E959FD120D4C}.Release|Any CPU.Build.0 = Release|Any CPU
	EndGlobalSection
	GlobalSection(SolutionProperties) = preSolution
		HideSolutionNode = FALSE
	EndGlobalSection
	GlobalSection(ExtensibilityGlobals) = postSolution
		SolutionGuid = {6745A7EF-F4E9-4CB2-9C5D-DCDA4A4F27EA}
	EndGlobalSection
EndGlobal
